
Microsoft Visual Studio Solution File, Format Version 12.00
# Visual Studio Version 16
VisualStudioVersion = 16.0.30621.155
MinimumVisualStudioVersion = 10.0.40219.1
Project("{9092AA53-FB77-4645-B42D-1CCCA6BD08BD}") = "Vue1", "Vue1\Vue1.njsproj", "{1F23CCF5-EF2D-4725-B0C6-28D6D0538AD4}"
EndProject
Global
	GlobalSection(SolutionConfigurationPlatforms) = preSolution
		Debug|Any CPU = Debug|Any CPU
		Release|Any CPU = Release|Any CPU
	EndGlobalSection
	GlobalSection(ProjectConfigurationPlatforms) = postSolution
		{1F23CCF5-EF2D-4725-B0C6-28D6D0538AD4}.Debug|Any CPU.ActiveCfg = Debug|Any CPU
		{1F23CCF5-EF2D-4725-B0C6-28D6D0538AD4}.Debug|Any CPU.Build.0 = Debug|Any CPU
		{1F23CCF5-EF2D-4725-B0C6-28D6D0538AD4}.Release|Any CPU.ActiveCfg = Release|Any CPU
		{1F23CCF5-EF2D-4725-B0C6-28D6D0538AD4}.Release|Any CPU.Build.0 = Release|Any CPU
	EndGlobalSection
	GlobalSection(SolutionProperties) = preSolution
		HideSolutionNode = FALSE
	EndGlobalSection
	GlobalSection(ExtensibilityGlobals) = postSolution
		SolutionGuid = {0319A3BA-0B82-49F0-9AEE-5412471C1DB7}
	EndGlobalSection
EndGlobal
